
Microsoft Visual Studio Solution File, Format Version 12.00
# Visual Studio Version 17
VisualStudioVersion = 17.2.32516.85
MinimumVisualStudioVersion = 10.0.40219.1
Project("{FAE04EC0-301F-11D3-BF4B-00C04F79EFBC}") = "AppLoginAutenticacao", "AppLoginAutenticacao\AppLoginAutenticacao.csproj", "{B111FD80-22E1-45CE-8D09-9600F4C88A32}"
EndProject
Global
	GlobalSection(SolutionConfigurationPlatforms) = preSolution
		Debug|Any CPU = Debug|Any CPU
		Release|Any CPU = Release|Any CPU
	EndGlobalSection
	GlobalSection(ProjectConfigurationPlatforms) = postSolution
		{B111FD80-22E1-45CE-8D09-9600F4C88A32}.Debug|Any CPU.ActiveCfg = Debug|Any CPU
		{B111FD80-22E1-45CE-8D09-9600F4C88A32}.Debug|Any CPU.Build.0 = Debug|Any CPU
		{B111FD80-22E1-45CE-8D09-9600F4C88A32}.Release|Any CPU.ActiveCfg = Release|Any CPU
		{B111FD80-22E1-45CE-8D09-9600F4C88A32}.Release|Any CPU.Build.0 = Release|Any CPU
	EndGlobalSection
	GlobalSection(SolutionProperties) = preSolution
		HideSolutionNode = FALSE
	EndGlobalSection
	GlobalSection(ExtensibilityGlobals) = postSolution
		SolutionGuid = {DA2C742D-2175-4FE5-A7A9-17889EEE2249}
	EndGlobalSection
EndGlobal
